
Microsoft Visual Studio Solution File, Format Version 12.00
# Visual Studio Version 16
VisualStudioVersion = 16.0.31605.320
MinimumVisualStudioVersion = 10.0.40219.1
Project("{9A19103F-16F7-4668-BE54-9A1E7A4F7556}") = "OkiJobAPI", "OkiJobAPI\OkiJobAPI.csproj", "{3726A2B7-3CDD-4BAA-8AF2-4AD287C8E00B}"
EndProject
Project("{2150E333-8FDC-42A3-9474-1A3956D46DE8}") = "Solution Items", "Solution Items", "{0D809857-C666-44DE-B0AA-AF30AD147283}"
	ProjectSection(SolutionItems) = preProject
		.gitattributes = .gitattributes
		.gitignore = .gitignore
		Design notes.txt = Design notes.txt
		license.txt = license.txt
		ReadMe.MD = ReadMe.MD
	EndProjectSection
EndProject
Global
	GlobalSection(SolutionConfigurationPlatforms) = preSolution
		Debug|Any CPU = Debug|Any CPU
		Release|Any CPU = Release|Any CPU
	EndGlobalSection
	GlobalSection(ProjectConfigurationPlatforms) = postSolution
		{3726A2B7-3CDD-4BAA-8AF2-4AD287C8E00B}.Debug|Any CPU.ActiveCfg = Debug|Any CPU
		{3726A2B7-3CDD-4BAA-8AF2-4AD287C8E00B}.Debug|Any CPU.Build.0 = Debug|Any CPU
		{3726A2B7-3CDD-4BAA-8AF2-4AD287C8E00B}.Release|Any CPU.ActiveCfg = Release|Any CPU
		{3726A2B7-3CDD-4BAA-8AF2-4AD287C8E00B}.Release|Any CPU.Build.0 = Release|Any CPU
	EndGlobalSection
	GlobalSection(SolutionProperties) = preSolution
		HideSolutionNode = FALSE
	EndGlobalSection
	GlobalSection(ExtensibilityGlobals) = postSolution
		SolutionGuid = {5CFDD028-8B67-4858-8106-DDCFE83E39BB}
	EndGlobalSection
EndGlobal
